{
  "name": "wechat-im",
  "version": "1.0.0",
  "lockfileVersion": 3,
  "requires": true,
  "packages": {
    "": {
      "name": "wechat-im",
      "version": "1.0.0",
      "dependencies": {
        "atob": "^2.1.2",
        "base64-arraybuffer": "^0.2.0",
        "btoa": "^1.2.1",
        "events": "^3.0.0",
        "long": "^4.0.0",
        "wechat-mini-programs-apis": "^1.6.2"
      },
      "devDependencies": {}
    },
    "node_modules/atob": {
      "version": "2.1.2",
      "resolved": "http://registry.npm.taobao.org/atob/download/atob-2.1.2.tgz",
      "integrity": "sha1-bZUX654DDSQ2ZmZR6GvZ9vE1M8k=",
      "bin": {
        "atob": "bin/atob.js"
      },
      "engines": {
        "node": ">= 4.5.0"
      }
    },
    "node_modules/base64-arraybuffer": {
      "version": "0.2.0",
      "resolved": "https://registry.npm.taobao.org/base64-arraybuffer/download/base64-arraybuffer-0.2.0.tgz",
      "integrity": "sha1-S5RPrAGRqlkHr+LYyZnMxXzoD0U=",
      "engines": {
        "node": ">= 0.6.0"
      }
    },
    "node_modules/btoa": {
      "version": "1.2.1",
      "resolved": "https://registry.npm.taobao.org/btoa/download/btoa-1.2.1.tgz",
      "integrity": "sha1-AamQn4ssk/a/aAuiYTHrMPf6PXM=",
      "bin": {
        "btoa": "bin/btoa.js"
      },
      "engines": {
        "node": ">= 0.4.0"
      }
    },
    "node_modules/events": {
      "version": "3.0.0",
      "resolved": "https://registry.npm.taobao.org/events/download/events-3.0.0.tgz",
      "integrity": "sha1-mgoN+vYok9krh1uPJpjKQRSXPog=",
      "engines": {
        "node": ">=0.8.x"
      }
    },
    "node_modules/long": {
      "version": "4.0.0",
      "resolved": "https://registry.npm.taobao.org/long/download/long-4.0.0.tgz",
      "integrity": "sha1-mntxz7fTYaGU6lVSQckvdGjVvyg="
    },
    "node_modules/wechat-mini-programs-apis": {
      "version": "1.6.2",
      "resolved": "https://registry.npm.taobao.org/wechat-mini-programs-apis/download/wechat-mini-programs-apis-1.6.2.tgz",
      "integrity": "sha1-t2aKtildFW7U0lomdJgK0OZxzyw="
    }
  }
}
