{
  "name": "wechat-im",
  "version": "1.0.0",
  "lockfileVersion": 1,
  "requires": true,
  "dependencies": {
    "atob": {
      "version": "2.1.2",
      "resolved": "http://registry.npm.taobao.org/atob/download/atob-2.1.2.tgz",
      "integrity": "sha1-bZUX654DDSQ2ZmZR6GvZ9vE1M8k="
    },
    "base64-arraybuffer": {
      "version": "0.2.0",
      "resolved": "https://registry.npm.taobao.org/base64-arraybuffer/download/base64-arraybuffer-0.2.0.tgz",
      "integrity": "sha1-S5RPrAGRqlkHr+LYyZnMxXzoD0U="
    },
    "btoa": {
      "version": "1.2.1",
      "resolved": "https://registry.npm.taobao.org/btoa/download/btoa-1.2.1.tgz",
      "integrity": "sha1-AamQn4ssk/a/aAuiYTHrMPf6PXM="
    },
    "events": {
      "version": "3.0.0",
      "resolved": "https://registry.npm.taobao.org/events/download/events-3.0.0.tgz",
      "integrity": "sha1-mgoN+vYok9krh1uPJpjKQRSXPog="
    },
    "long": {
      "version": "4.0.0",
      "resolved": "https://mirrors.huaweicloud.com/repository/npm/long/-/long-4.0.0.tgz",
      "integrity": "sha512-XsP+KhQif4bjX1kbuSiySJFNAehNxgLb6hPRGJ9QsUr8ajHkuXGdrHmFUTUUXhDwVX2R5bY4JNZEwbUiMhV+MA=="
    },
    "wechat-mini-programs-apis": {
      "version": "1.6.2",
      "resolved": "https://registry.npm.taobao.org/wechat-mini-programs-apis/download/wechat-mini-programs-apis-1.6.2.tgz",
      "integrity": "sha1-t2aKtildFW7U0lomdJgK0OZxzyw="
    }
  }
}
